// !$*UTF8*$!
{
	archiveVersion = 1;
	classes = {
	};
	objectVersion = 56;
	objects = {

/* Begin PBXBuildFile section */
		3D1A00962AB25DA60017AAD1 /* PillView.swift in Sources */ = {isa = PBXBuildFile; fileRef = 3D1A00952AB25DA60017AAD1 /* PillView.swift */; };
		3D1B781F2AB266AD00B906C3 /* DescriptionTapToActionSheetRowView.swift in Sources */ = {isa = PBXBuildFile; fileRef = 3D1B781E2AB266AD00B906C3 /* DescriptionTapToActionSheetRowView.swift */; };
		3D1B78212AB2732B00B906C3 /* UserSettings.swift in Sources */ = {isa = PBXBuildFile; fileRef = 3D1B78202AB2732B00B906C3 /* UserSettings.swift */; };
		3D1B78232AC21BD500B906C3 /* DescriptionTapToTextFieldRowView.swift in Sources */ = {isa = PBXBuildFile; fileRef = 3D1B78222AC21BD500B906C3 /* DescriptionTapToTextFieldRowView.swift */; };
		3D1B78252AC35E5400B906C3 /* NavigationLinkWithDescriptionRowView.swift in Sources */ = {isa = PBXBuildFile; fileRef = 3D1B78242AC35E5400B906C3 /* NavigationLinkWithDescriptionRowView.swift */; };
		3D1B78272AC363B500B906C3 /* SingleSelectionListView.swift in Sources */ = {isa = PBXBuildFile; fileRef = 3D1B78262AC363B500B906C3 /* SingleSelectionListView.swift */; };
		3D1B78292AC3689B00B906C3 /* CheckmarkListRowView.swift in Sources */ = {isa = PBXBuildFile; fileRef = 3D1B78282AC3689B00B906C3 /* CheckmarkListRowView.swift */; };
		3D8B864E2B4A04B8001D958F /* UniqueDisplayable.swift in Sources */ = {isa = PBXBuildFile; fileRef = 3D8B864D2B4A04B8001D958F /* UniqueDisplayable.swift */; };
		3D8B86552B4B5800001D958F /* VerticalGridView.swift in Sources */ = {isa = PBXBuildFile; fileRef = 3D8B86542B4B5800001D958F /* VerticalGridView.swift */; };
		3D8B86572B4B780F001D958F /* AppIcon.swift in Sources */ = {isa = PBXBuildFile; fileRef = 3D8B86562B4B780F001D958F /* AppIcon.swift */; };
		3D8B865F2B4CA9BD001D958F /* ChangeAppIconViewModel.swift in Sources */ = {isa = PBXBuildFile; fileRef = 3D8B865E2B4CA9BD001D958F /* ChangeAppIconViewModel.swift */; };
		3D8B86612B4CAB11001D958F /* AppTheme.swift in Sources */ = {isa = PBXBuildFile; fileRef = 3D8B86602B4CAB11001D958F /* AppTheme.swift */; };
		3D8B86632B4F2809001D958F /* TemperatureUnit.swift in Sources */ = {isa = PBXBuildFile; fileRef = 3D8B86622B4F2809001D958F /* TemperatureUnit.swift */; };
		3D8B86662B4F2DD2001D958F /* Number+Extensions.swift in Sources */ = {isa = PBXBuildFile; fileRef = 3D8B86652B4F2DD2001D958F /* Number+Extensions.swift */; };
		3D8B86682B4F3058001D958F /* NumberTests.swift in Sources */ = {isa = PBXBuildFile; fileRef = 3D8B86672B4F3058001D958F /* NumberTests.swift */; };
		3D8FFE922AA7A7C9005C8718 /* Weather.swift in Sources */ = {isa = PBXBuildFile; fileRef = 3D8FFE912AA7A7C9005C8718 /* Weather.swift */; };
		3D8FFE942AA7B32E005C8718 /* UVIndex.swift in Sources */ = {isa = PBXBuildFile; fileRef = 3D8FFE932AA7B32E005C8718 /* UVIndex.swift */; };
		3D8FFEA92AA7B47B005C8718 /* UVIndexTests.swift in Sources */ = {isa = PBXBuildFile; fileRef = 3D8FFEA82AA7B47B005C8718 /* UVIndexTests.swift */; };
		3D8FFEAB2AA7CFAD005C8718 /* getWeatherExample.json in Resources */ = {isa = PBXBuildFile; fileRef = 3D8FFEAA2AA7CFAD005C8718 /* getWeatherExample.json */; };
		3D8FFEAF2AA7F5D0005C8718 /* Data+Extensions.swift in Sources */ = {isa = PBXBuildFile; fileRef = 3D8FFEAE2AA7F5D0005C8718 /* Data+Extensions.swift */; };
		3D8FFEB12AA7F6A4005C8718 /* Location.swift in Sources */ = {isa = PBXBuildFile; fileRef = 3D8FFEB02AA7F6A4005C8718 /* Location.swift */; };
		3D8FFEB32AA7F709005C8718 /* CurrentWeatherCardView.swift in Sources */ = {isa = PBXBuildFile; fileRef = 3D8FFEB22AA7F709005C8718 /* CurrentWeatherCardView.swift */; };
		3D8FFEB92AA80233005C8718 /* TemperatureSubView.swift in Sources */ = {isa = PBXBuildFile; fileRef = 3D8FFEB82AA80233005C8718 /* TemperatureSubView.swift */; };
		3D971BFA2AAA7A9B00B0316E /* TemperatureHelper.swift in Sources */ = {isa = PBXBuildFile; fileRef = 3D971BF92AAA7A9B00B0316E /* TemperatureHelper.swift */; };
		3D971BFC2AAA7B1300B0316E /* TemperatureTests.swift in Sources */ = {isa = PBXBuildFile; fileRef = 3D971BFB2AAA7B1300B0316E /* TemperatureTests.swift */; };
		3D971BFF2AAA7F9400B0316E /* DataManager.swift in Sources */ = {isa = PBXBuildFile; fileRef = 3D971BFE2AAA7F9400B0316E /* DataManager.swift */; };
		3DE7BA022AA2882C00C2444C /* DewyApp.swift in Sources */ = {isa = PBXBuildFile; fileRef = 3DE7BA012AA2882C00C2444C /* DewyApp.swift */; };
		3DE7BA042AA2882C00C2444C /* TodayView.swift in Sources */ = {isa = PBXBuildFile; fileRef = 3DE7BA032AA2882C00C2444C /* TodayView.swift */; };
		3DE7BA062AA2882C00C2444C /* Assets.xcassets in Resources */ = {isa = PBXBuildFile; fileRef = 3DE7BA052AA2882C00C2444C /* Assets.xcassets */; };
		3DE7BA092AA2882C00C2444C /* Preview Assets.xcassets in Resources */ = {isa = PBXBuildFile; fileRef = 3DE7BA082AA2882C00C2444C /* Preview Assets.xcassets */; };
		3DE7BA112AA28C9F00C2444C /* InfoCardWrapperView.swift in Sources */ = {isa = PBXBuildFile; fileRef = 3DE7BA102AA28C9F00C2444C /* InfoCardWrapperView.swift */; };
		3DE7BA132AA295DA00C2444C /* MainTabView.swift in Sources */ = {isa = PBXBuildFile; fileRef = 3DE7BA122AA295DA00C2444C /* MainTabView.swift */; };
		3DE7BA162AA29F3100C2444C /* UserView.swift in Sources */ = {isa = PBXBuildFile; fileRef = 3DE7BA152AA29F3100C2444C /* UserView.swift */; };
		3DE7BA1B2AA2A64C00C2444C /* Localizable.strings in Resources */ = {isa = PBXBuildFile; fileRef = 3DE7BA1D2AA2A64C00C2444C /* Localizable.strings */; };
/* End PBXBuildFile section */

/* Begin PBXContainerItemProxy section */
		3D8FFEA12AA7B405005C8718 /* PBXContainerItemProxy */ = {
			isa = PBXContainerItemProxy;
			containerPortal = 3DE7B9F62AA2882C00C2444C /* Project object */;
			proxyType = 1;
			remoteGlobalIDString = 3DE7B9FD2AA2882C00C2444C;
			remoteInfo = Dewy;
		};
/* End PBXContainerItemProxy section */

/* Begin PBXFileReference section */
		3D1A00952AB25DA60017AAD1 /* PillView.swift */ = {isa = PBXFileReference; lastKnownFileType = sourcecode.swift; path = PillView.swift; sourceTree = "<group>"; };
		3D1B781E2AB266AD00B906C3 /* DescriptionTapToActionSheetRowView.swift */ = {isa = PBXFileReference; lastKnownFileType = sourcecode.swift; path = DescriptionTapToActionSheetRowView.swift; sourceTree = "<group>"; };
		3D1B78202AB2732B00B906C3 /* UserSettings.swift */ = {isa = PBXFileReference; lastKnownFileType = sourcecode.swift; path = UserSettings.swift; sourceTree = "<group>"; };
		3D1B78222AC21BD500B906C3 /* DescriptionTapToTextFieldRowView.swift */ = {isa = PBXFileReference; lastKnownFileType = sourcecode.swift; path = DescriptionTapToTextFieldRowView.swift; sourceTree = "<group>"; };
		3D1B78242AC35E5400B906C3 /* NavigationLinkWithDescriptionRowView.swift */ = {isa = PBXFileReference; lastKnownFileType = sourcecode.swift; path = NavigationLinkWithDescriptionRowView.swift; sourceTree = "<group>"; };
		3D1B78262AC363B500B906C3 /* SingleSelectionListView.swift */ = {isa = PBXFileReference; lastKnownFileType = sourcecode.swift; path = SingleSelectionListView.swift; sourceTree = "<group>"; };
		3D1B78282AC3689B00B906C3 /* CheckmarkListRowView.swift */ = {isa = PBXFileReference; lastKnownFileType = sourcecode.swift; path = CheckmarkListRowView.swift; sourceTree = "<group>"; };
		3D8B864D2B4A04B8001D958F /* UniqueDisplayable.swift */ = {isa = PBXFileReference; lastKnownFileType = sourcecode.swift; path = UniqueDisplayable.swift; sourceTree = "<group>"; };
		3D8B86542B4B5800001D958F /* VerticalGridView.swift */ = {isa = PBXFileReference; lastKnownFileType = sourcecode.swift; path = VerticalGridView.swift; sourceTree = "<group>"; };
		3D8B86562B4B780F001D958F /* AppIcon.swift */ = {isa = PBXFileReference; lastKnownFileType = sourcecode.swift; path = AppIcon.swift; sourceTree = "<group>"; };
		3D8B865E2B4CA9BD001D958F /* ChangeAppIconViewModel.swift */ = {isa = PBXFileReference; lastKnownFileType = sourcecode.swift; path = ChangeAppIconViewModel.swift; sourceTree = "<group>"; };
		3D8B86602B4CAB11001D958F /* AppTheme.swift */ = {isa = PBXFileReference; lastKnownFileType = sourcecode.swift; path = AppTheme.swift; sourceTree = "<group>"; };
		3D8B86622B4F2809001D958F /* TemperatureUnit.swift */ = {isa = PBXFileReference; lastKnownFileType = sourcecode.swift; path = TemperatureUnit.swift; sourceTree = "<group>"; };
		3D8B86652B4F2DD2001D958F /* Number+Extensions.swift */ = {isa = PBXFileReference; lastKnownFileType = sourcecode.swift; path = "Number+Extensions.swift"; sourceTree = "<group>"; };
		3D8B86672B4F3058001D958F /* NumberTests.swift */ = {isa = PBXFileReference; lastKnownFileType = sourcecode.swift; path = NumberTests.swift; sourceTree = "<group>"; };
		3D8FFE912AA7A7C9005C8718 /* Weather.swift */ = {isa = PBXFileReference; lastKnownFileType = sourcecode.swift; path = Weather.swift; sourceTree = "<group>"; };
		3D8FFE932AA7B32E005C8718 /* UVIndex.swift */ = {isa = PBXFileReference; lastKnownFileType = sourcecode.swift; path = UVIndex.swift; sourceTree = "<group>"; };
		3D8FFE9D2AA7B405005C8718 /* Unit Integration Tests.xctest */ = {isa = PBXFileReference; explicitFileType = wrapper.cfbundle; includeInIndex = 0; path = "Unit Integration Tests.xctest"; sourceTree = BUILT_PRODUCTS_DIR; };
		3D8FFEA82AA7B47B005C8718 /* UVIndexTests.swift */ = {isa = PBXFileReference; lastKnownFileType = sourcecode.swift; path = UVIndexTests.swift; sourceTree = "<group>"; };
		3D8FFEAA2AA7CFAD005C8718 /* getWeatherExample.json */ = {isa = PBXFileReference; fileEncoding = 4; lastKnownFileType = text.json; name = getWeatherExample.json; path = ../../../../../Downloads/getWeatherExample.json; sourceTree = "<group>"; };
		3D8FFEAE2AA7F5D0005C8718 /* Data+Extensions.swift */ = {isa = PBXFileReference; lastKnownFileType = sourcecode.swift; path = "Data+Extensions.swift"; sourceTree = "<group>"; };
		3D8FFEB02AA7F6A4005C8718 /* Location.swift */ = {isa = PBXFileReference; lastKnownFileType = sourcecode.swift; path = Location.swift; sourceTree = "<group>"; };
		3D8FFEB22AA7F709005C8718 /* CurrentWeatherCardView.swift */ = {isa = PBXFileReference; lastKnownFileType = sourcecode.swift; path = CurrentWeatherCardView.swift; sourceTree = "<group>"; };
		3D8FFEB82AA80233005C8718 /* TemperatureSubView.swift */ = {isa = PBXFileReference; lastKnownFileType = sourcecode.swift; path = TemperatureSubView.swift; sourceTree = "<group>"; };
		3D971BF92AAA7A9B00B0316E /* TemperatureHelper.swift */ = {isa = PBXFileReference; lastKnownFileType = sourcecode.swift; path = TemperatureHelper.swift; sourceTree = "<group>"; };
		3D971BFB2AAA7B1300B0316E /* TemperatureTests.swift */ = {isa = PBXFileReference; lastKnownFileType = sourcecode.swift; path = TemperatureTests.swift; sourceTree = "<group>"; };
		3D971BFE2AAA7F9400B0316E /* DataManager.swift */ = {isa = PBXFileReference; lastKnownFileType = sourcecode.swift; path = DataManager.swift; sourceTree = "<group>"; };
		3DE7B9FE2AA2882C00C2444C /* Dewy.app */ = {isa = PBXFileReference; explicitFileType = wrapper.application; includeInIndex = 0; path = Dewy.app; sourceTree = BUILT_PRODUCTS_DIR; };
		3DE7BA012AA2882C00C2444C /* DewyApp.swift */ = {isa = PBXFileReference; lastKnownFileType = sourcecode.swift; path = DewyApp.swift; sourceTree = "<group>"; };
		3DE7BA032AA2882C00C2444C /* TodayView.swift */ = {isa = PBXFileReference; lastKnownFileType = sourcecode.swift; path = TodayView.swift; sourceTree = "<group>"; };
		3DE7BA052AA2882C00C2444C /* Assets.xcassets */ = {isa = PBXFileReference; lastKnownFileType = folder.assetcatalog; path = Assets.xcassets; sourceTree = "<group>"; };
		3DE7BA082AA2882C00C2444C /* Preview Assets.xcassets */ = {isa = PBXFileReference; lastKnownFileType = folder.assetcatalog; path = "Preview Assets.xcassets"; sourceTree = "<group>"; };
		3DE7BA102AA28C9F00C2444C /* InfoCardWrapperView.swift */ = {isa = PBXFileReference; lastKnownFileType = sourcecode.swift; path = InfoCardWrapperView.swift; sourceTree = "<group>"; };
		3DE7BA122AA295DA00C2444C /* MainTabView.swift */ = {isa = PBXFileReference; lastKnownFileType = sourcecode.swift; path = MainTabView.swift; sourceTree = "<group>"; };
		3DE7BA152AA29F3100C2444C /* UserView.swift */ = {isa = PBXFileReference; lastKnownFileType = sourcecode.swift; path = UserView.swift; sourceTree = "<group>"; };
		3DE7BA1C2AA2A64C00C2444C /* en */ = {isa = PBXFileReference; lastKnownFileType = text.plist.strings; name = en; path = en.lproj/Localizable.strings; sourceTree = "<group>"; };
		3DE7BA1E2AA2A6B300C2444C /* en-AU */ = {isa = PBXFileReference; lastKnownFileType = text.plist.strings; name = "en-AU"; path = "en-AU.lproj/Localizable.strings"; sourceTree = "<group>"; };
/* End PBXFileReference section */

/* Begin PBXFrameworksBuildPhase section */
		3D8FFE9A2AA7B405005C8718 /* Frameworks */ = {
			isa = PBXFrameworksBuildPhase;
			buildActionMask = 2147483647;
			files = (
			);
			runOnlyForDeploymentPostprocessing = 0;
		};
		3DE7B9FB2AA2882C00C2444C /* Frameworks */ = {
			isa = PBXFrameworksBuildPhase;
			buildActionMask = 2147483647;
			files = (
			);
			runOnlyForDeploymentPostprocessing = 0;
		};
/* End PBXFrameworksBuildPhase section */

/* Begin PBXGroup section */
		3D1B781D2AB2668300B906C3 /* List Rows */ = {
			isa = PBXGroup;
			children = (
				3D1B781E2AB266AD00B906C3 /* DescriptionTapToActionSheetRowView.swift */,
				3D1B78222AC21BD500B906C3 /* DescriptionTapToTextFieldRowView.swift */,
				3D1B78242AC35E5400B906C3 /* NavigationLinkWithDescriptionRowView.swift */,
				3D1B78282AC3689B00B906C3 /* CheckmarkListRowView.swift */,
			);
			path = "List Rows";
			sourceTree = "<group>";
		};
		3D8B864A2B4A0474001D958F /* Lists */ = {
			isa = PBXGroup;
			children = (
				3D1B781D2AB2668300B906C3 /* List Rows */,
				3D1B78262AC363B500B906C3 /* SingleSelectionListView.swift */,
			);
			path = Lists;
			sourceTree = "<group>";
		};
		3D8B864F2B4A04F8001D958F /* Data Models */ = {
			isa = PBXGroup;
			children = (
				3D8FFE912AA7A7C9005C8718 /* Weather.swift */,
				3D8FFE932AA7B32E005C8718 /* UVIndex.swift */,
				3D8FFEB02AA7F6A4005C8718 /* Location.swift */,
			);
			path = "Data Models";
			sourceTree = "<group>";
		};
		3D8B86502B4A050E001D958F /* App Models */ = {
			isa = PBXGroup;
			children = (
				3D1B78202AB2732B00B906C3 /* UserSettings.swift */,
				3D8B86562B4B780F001D958F /* AppIcon.swift */,
				3D8B86602B4CAB11001D958F /* AppTheme.swift */,
				3D8B86622B4F2809001D958F /* TemperatureUnit.swift */,
			);
			path = "App Models";
			sourceTree = "<group>";
		};
		3D8B86512B4B57C2001D958F /* Grids */ = {
			isa = PBXGroup;
			children = (
				3D8B86542B4B5800001D958F /* VerticalGridView.swift */,
			);
			path = Grids;
			sourceTree = "<group>";
		};
		3D8B865C2B4CA9A1001D958F /* View Model */ = {
			isa = PBXGroup;
			children = (
				3D8B865D2B4CA9AC001D958F /* App View Models */,
			);
			path = "View Model";
			sourceTree = "<group>";
		};
		3D8B865D2B4CA9AC001D958F /* App View Models */ = {
			isa = PBXGroup;
			children = (
				3D8B865E2B4CA9BD001D958F /* ChangeAppIconViewModel.swift */,
			);
			path = "App View Models";
			sourceTree = "<group>";
		};
		3D8B86692B4F5232001D958F /* Native Extensions */ = {
			isa = PBXGroup;
			children = (
				3D8FFEAE2AA7F5D0005C8718 /* Data+Extensions.swift */,
				3D8B86652B4F2DD2001D958F /* Number+Extensions.swift */,
			);
			path = "Native Extensions";
			sourceTree = "<group>";
		};
		3D8FFE902AA7A7AB005C8718 /* Model */ = {
			isa = PBXGroup;
			children = (
				3D8B86502B4A050E001D958F /* App Models */,
				3D8B864F2B4A04F8001D958F /* Data Models */,
				3D8B864D2B4A04B8001D958F /* UniqueDisplayable.swift */,
			);
			path = Model;
			sourceTree = "<group>";
		};
		3D8FFEA72AA7B44E005C8718 /* Unit Tests */ = {
			isa = PBXGroup;
			children = (
				3D8FFEA82AA7B47B005C8718 /* UVIndexTests.swift */,
				3D971BFB2AAA7B1300B0316E /* TemperatureTests.swift */,
				3D8B86672B4F3058001D958F /* NumberTests.swift */,
			);
			path = "Unit Tests";
			sourceTree = "<group>";
		};
		3D8FFEAD2AA7F5B7005C8718 /* Helpers */ = {
			isa = PBXGroup;
			children = (
				3D971BF92AAA7A9B00B0316E /* TemperatureHelper.swift */,
			);
			path = Helpers;
			sourceTree = "<group>";
		};
		3D8FFEB62AA8020F005C8718 /* Cards */ = {
			isa = PBXGroup;
			children = (
				3DE7BA102AA28C9F00C2444C /* InfoCardWrapperView.swift */,
				3D8FFEB22AA7F709005C8718 /* CurrentWeatherCardView.swift */,
			);
			path = Cards;
			sourceTree = "<group>";
		};
		3D8FFEB72AA8021A005C8718 /* Sub-Elements */ = {
			isa = PBXGroup;
			children = (
				3D8FFEB82AA80233005C8718 /* TemperatureSubView.swift */,
				3D1A00952AB25DA60017AAD1 /* PillView.swift */,
			);
			path = "Sub-Elements";
			sourceTree = "<group>";
		};
		3D971BFD2AAA7F7200B0316E /* Networking */ = {
			isa = PBXGroup;
			children = (
				3D971BFE2AAA7F9400B0316E /* DataManager.swift */,
			);
			path = Networking;
			sourceTree = "<group>";
		};
		3DE7B9F52AA2882C00C2444C = {
			isa = PBXGroup;
			children = (
				3DE7BA002AA2882C00C2444C /* Dewy */,
				3D8FFEA72AA7B44E005C8718 /* Unit Tests */,
				3DE7B9FF2AA2882C00C2444C /* Products */,
			);
			sourceTree = "<group>";
		};
		3DE7B9FF2AA2882C00C2444C /* Products */ = {
			isa = PBXGroup;
			children = (
				3DE7B9FE2AA2882C00C2444C /* Dewy.app */,
				3D8FFE9D2AA7B405005C8718 /* Unit Integration Tests.xctest */,
			);
			name = Products;
			sourceTree = "<group>";
		};
		3DE7BA002AA2882C00C2444C /* Dewy */ = {
			isa = PBXGroup;
			children = (
				3D8FFE902AA7A7AB005C8718 /* Model */,
				3DE7BA0F2AA28C8600C2444C /* View */,
				3D8B865C2B4CA9A1001D958F /* View Model */,
				3D971BFD2AAA7F7200B0316E /* Networking */,
				3D8FFEAD2AA7F5B7005C8718 /* Helpers */,
				3D8B86692B4F5232001D958F /* Native Extensions */,
				3DE7BA012AA2882C00C2444C /* DewyApp.swift */,
				3DE7BA052AA2882C00C2444C /* Assets.xcassets */,
				3D8FFEAA2AA7CFAD005C8718 /* getWeatherExample.json */,
				3DE7BA1D2AA2A64C00C2444C /* Localizable.strings */,
				3DE7BA072AA2882C00C2444C /* Preview Content */,
			);
			path = Dewy;
			sourceTree = "<group>";
		};
		3DE7BA072AA2882C00C2444C /* Preview Content */ = {
			isa = PBXGroup;
			children = (
				3DE7BA082AA2882C00C2444C /* Preview Assets.xcassets */,
			);
			path = "Preview Content";
			sourceTree = "<group>";
		};
		3DE7BA0F2AA28C8600C2444C /* View */ = {
			isa = PBXGroup;
			children = (
				3DE7BA142AA295E100C2444C /* Elements */,
				3DE7BA032AA2882C00C2444C /* TodayView.swift */,
				3DE7BA152AA29F3100C2444C /* UserView.swift */,
				3DE7BA122AA295DA00C2444C /* MainTabView.swift */,
			);
			path = View;
			sourceTree = "<group>";
		};
		3DE7BA142AA295E100C2444C /* Elements */ = {
			isa = PBXGroup;
			children = (
				3D8B86512B4B57C2001D958F /* Grids */,
				3D8B864A2B4A0474001D958F /* Lists */,
				3D8FFEB72AA8021A005C8718 /* Sub-Elements */,
				3D8FFEB62AA8020F005C8718 /* Cards */,
			);
			path = Elements;
			sourceTree = "<group>";
		};
/* End PBXGroup section */

/* Begin PBXNativeTarget section */
		3D8FFE9C2AA7B405005C8718 /* Unit Integration Tests */ = {
			isa = PBXNativeTarget;
			buildConfigurationList = 3D8FFEA32AA7B405005C8718 /* Build configuration list for PBXNativeTarget "Unit Integration Tests" */;
			buildPhases = (
				3D8FFE992AA7B405005C8718 /* Sources */,
				3D8FFE9A2AA7B405005C8718 /* Frameworks */,
				3D8FFE9B2AA7B405005C8718 /* Resources */,
			);
			buildRules = (
			);
			dependencies = (
				3D8FFEA22AA7B405005C8718 /* PBXTargetDependency */,
			);
			name = "Unit Integration Tests";
			productName = UnitIntegrationTests;
			productReference = 3D8FFE9D2AA7B405005C8718 /* Unit Integration Tests.xctest */;
			productType = "com.apple.product-type.bundle.unit-test";
		};
		3DE7B9FD2AA2882C00C2444C /* Dewy */ = {
			isa = PBXNativeTarget;
			buildConfigurationList = 3DE7BA0C2AA2882C00C2444C /* Build configuration list for PBXNativeTarget "Dewy" */;
			buildPhases = (
				3DE7B9FA2AA2882C00C2444C /* Sources */,
				3DE7B9FB2AA2882C00C2444C /* Frameworks */,
				3DE7B9FC2AA2882C00C2444C /* Resources */,
			);
			buildRules = (
			);
			dependencies = (
			);
			name = Dewy;
			productName = Dewy;
			productReference = 3DE7B9FE2AA2882C00C2444C /* Dewy.app */;
			productType = "com.apple.product-type.application";
		};
/* End PBXNativeTarget section */

/* Begin PBXProject section */
		3DE7B9F62AA2882C00C2444C /* Project object */ = {
			isa = PBXProject;
			attributes = {
				BuildIndependentTargetsInParallel = 1;
				LastSwiftUpdateCheck = 1430;
				LastUpgradeCheck = 1430;
				TargetAttributes = {
					3D8FFE9C2AA7B405005C8718 = {
						CreatedOnToolsVersion = 14.3.1;
						LastSwiftMigration = 1430;
						TestTargetID = 3DE7B9FD2AA2882C00C2444C;
					};
					3DE7B9FD2AA2882C00C2444C = {
						CreatedOnToolsVersion = 14.3.1;
					};
				};
			};
			buildConfigurationList = 3DE7B9F92AA2882C00C2444C /* Build configuration list for PBXProject "Dewy" */;
			compatibilityVersion = "Xcode 14.0";
			developmentRegion = en;
			hasScannedForEncodings = 0;
			knownRegions = (
				en,
				Base,
				"en-AU",
			);
			mainGroup = 3DE7B9F52AA2882C00C2444C;
			productRefGroup = 3DE7B9FF2AA2882C00C2444C /* Products */;
			projectDirPath = "";
			projectRoot = "";
			targets = (
				3DE7B9FD2AA2882C00C2444C /* Dewy */,
				3D8FFE9C2AA7B405005C8718 /* Unit Integration Tests */,
			);
		};
/* End PBXProject section */

/* Begin PBXResourcesBuildPhase section */
		3D8FFE9B2AA7B405005C8718 /* Resources */ = {
			isa = PBXResourcesBuildPhase;
			buildActionMask = 2147483647;
			files = (
			);
			runOnlyForDeploymentPostprocessing = 0;
		};
		3DE7B9FC2AA2882C00C2444C /* Resources */ = {
			isa = PBXResourcesBuildPhase;
			buildActionMask = 2147483647;
			files = (
				3DE7BA092AA2882C00C2444C /* Preview Assets.xcassets in Resources */,
				3DE7BA1B2AA2A64C00C2444C /* Localizable.strings in Resources */,
				3D8FFEAB2AA7CFAD005C8718 /* getWeatherExample.json in Resources */,
				3DE7BA062AA2882C00C2444C /* Assets.xcassets in Resources */,
			);
			runOnlyForDeploymentPostprocessing = 0;
		};
/* End PBXResourcesBuildPhase section */

/* Begin PBXSourcesBuildPhase section */
		3D8FFE992AA7B405005C8718 /* Sources */ = {
			isa = PBXSourcesBuildPhase;
			buildActionMask = 2147483647;
			files = (
				3D8B86682B4F3058001D958F /* NumberTests.swift in Sources */,
				3D971BFC2AAA7B1300B0316E /* TemperatureTests.swift in Sources */,
				3D8FFEA92AA7B47B005C8718 /* UVIndexTests.swift in Sources */,
			);
			runOnlyForDeploymentPostprocessing = 0;
		};
		3DE7B9FA2AA2882C00C2444C /* Sources */ = {
			isa = PBXSourcesBuildPhase;
			buildActionMask = 2147483647;
			files = (
				3D1B781F2AB266AD00B906C3 /* DescriptionTapToActionSheetRowView.swift in Sources */,
				3DE7BA042AA2882C00C2444C /* TodayView.swift in Sources */,
				3D8FFEB32AA7F709005C8718 /* CurrentWeatherCardView.swift in Sources */,
				3D8B86612B4CAB11001D958F /* AppTheme.swift in Sources */,
				3D8B864E2B4A04B8001D958F /* UniqueDisplayable.swift in Sources */,
				3D1B78232AC21BD500B906C3 /* DescriptionTapToTextFieldRowView.swift in Sources */,
				3D971BFA2AAA7A9B00B0316E /* TemperatureHelper.swift in Sources */,
				3D8FFEB92AA80233005C8718 /* TemperatureSubView.swift in Sources */,
				3D1B78292AC3689B00B906C3 /* CheckmarkListRowView.swift in Sources */,
				3DE7BA112AA28C9F00C2444C /* InfoCardWrapperView.swift in Sources */,
				3DE7BA162AA29F3100C2444C /* UserView.swift in Sources */,
				3D1B78252AC35E5400B906C3 /* NavigationLinkWithDescriptionRowView.swift in Sources */,
				3D8FFE942AA7B32E005C8718 /* UVIndex.swift in Sources */,
				3D8FFEB12AA7F6A4005C8718 /* Location.swift in Sources */,
				3DE7BA132AA295DA00C2444C /* MainTabView.swift in Sources */,
				3D8FFE922AA7A7C9005C8718 /* Weather.swift in Sources */,
				3D8B86632B4F2809001D958F /* TemperatureUnit.swift in Sources */,
				3D8B865F2B4CA9BD001D958F /* ChangeAppIconViewModel.swift in Sources */,
				3DE7BA022AA2882C00C2444C /* DewyApp.swift in Sources */,
				3D8B86552B4B5800001D958F /* VerticalGridView.swift in Sources */,
				3D8B86662B4F2DD2001D958F /* Number+Extensions.swift in Sources */,
				3D1A00962AB25DA60017AAD1 /* PillView.swift in Sources */,
				3D8B86572B4B780F001D958F /* AppIcon.swift in Sources */,
				3D1B78212AB2732B00B906C3 /* UserSettings.swift in Sources */,
				3D971BFF2AAA7F9400B0316E /* DataManager.swift in Sources */,
				3D8FFEAF2AA7F5D0005C8718 /* Data+Extensions.swift in Sources */,
				3D1B78272AC363B500B906C3 /* SingleSelectionListView.swift in Sources */,
			);
			runOnlyForDeploymentPostprocessing = 0;
		};
/* End PBXSourcesBuildPhase section */

/* Begin PBXTargetDependency section */
		3D8FFEA22AA7B405005C8718 /* PBXTargetDependency */ = {
			isa = PBXTargetDependency;
			target = 3DE7B9FD2AA2882C00C2444C /* Dewy */;
			targetProxy = 3D8FFEA12AA7B405005C8718 /* PBXContainerItemProxy */;
		};
/* End PBXTargetDependency section */

/* Begin PBXVariantGroup section */
		3DE7BA1D2AA2A64C00C2444C /* Localizable.strings */ = {
			isa = PBXVariantGroup;
			children = (
				3DE7BA1C2AA2A64C00C2444C /* en */,
				3DE7BA1E2AA2A6B300C2444C /* en-AU */,
			);
			name = Localizable.strings;
			sourceTree = "<group>";
		};
/* End PBXVariantGroup section */

/* Begin XCBuildConfiguration section */
		3D8FFEA42AA7B405005C8718 /* Debug */ = {
			isa = XCBuildConfiguration;
			buildSettings = {
				ASSETCATALOG_COMPILER_ALTERNATE_APPICON_NAMES = "";
				BUNDLE_LOADER = "$(TEST_HOST)";
				CLANG_ENABLE_MODULES = YES;
				CODE_SIGN_STYLE = Automatic;
				CURRENT_PROJECT_VERSION = 1;
				DEVELOPMENT_TEAM = 9Z54L2Q8C9;
				GENERATE_INFOPLIST_FILE = YES;
				MARKETING_VERSION = 1.0;
				PRODUCT_BUNDLE_IDENTIFIER = zander.UnitIntegrationTests;
				PRODUCT_NAME = "$(TARGET_NAME)";
				SWIFT_EMIT_LOC_STRINGS = NO;
				SWIFT_OPTIMIZATION_LEVEL = "-Onone";
				SWIFT_VERSION = 5.0;
				TARGETED_DEVICE_FAMILY = "1,2";
				TEST_HOST = "$(BUILT_PRODUCTS_DIR)/Dewy.app/$(BUNDLE_EXECUTABLE_FOLDER_PATH)/Dewy";
			};
			name = Debug;
		};
		3D8FFEA52AA7B405005C8718 /* Release */ = {
			isa = XCBuildConfiguration;
			buildSettings = {
				ASSETCATALOG_COMPILER_ALTERNATE_APPICON_NAMES = "";
				BUNDLE_LOADER = "$(TEST_HOST)";
				CLANG_ENABLE_MODULES = YES;
				CODE_SIGN_STYLE = Automatic;
				CURRENT_PROJECT_VERSION = 1;
				DEVELOPMENT_TEAM = 9Z54L2Q8C9;
				GENERATE_INFOPLIST_FILE = YES;
				MARKETING_VERSION = 1.0;
				PRODUCT_BUNDLE_IDENTIFIER = zander.UnitIntegrationTests;
				PRODUCT_NAME = "$(TARGET_NAME)";
				SWIFT_EMIT_LOC_STRINGS = NO;
				SWIFT_VERSION = 5.0;
				TARGETED_DEVICE_FAMILY = "1,2";
				TEST_HOST = "$(BUILT_PRODUCTS_DIR)/Dewy.app/$(BUNDLE_EXECUTABLE_FOLDER_PATH)/Dewy";
			};
			name = Release;
		};
		3DE7BA0A2AA2882C00C2444C /* Debug */ = {
			isa = XCBuildConfiguration;
			buildSettings = {
				ALWAYS_SEARCH_USER_PATHS = NO;
				ASSETCATALOG_COMPILER_ALTERNATE_APPICON_NAMES = "AppIconBlack AppIconGreen AppIconOrange AppIconPurple";
				CLANG_ANALYZER_LOCALIZABILITY_NONLOCALIZED = YES;
				CLANG_ANALYZER_NONNULL = YES;
				CLANG_ANALYZER_NUMBER_OBJECT_CONVERSION = YES_AGGRESSIVE;
				CLANG_CXX_LANGUAGE_STANDARD = "gnu++20";
				CLANG_ENABLE_MODULES = YES;
				CLANG_ENABLE_OBJC_ARC = YES;
				CLANG_ENABLE_OBJC_WEAK = YES;
				CLANG_WARN_BLOCK_CAPTURE_AUTORELEASING = YES;
				CLANG_WARN_BOOL_CONVERSION = YES;
				CLANG_WARN_COMMA = YES;
				CLANG_WARN_CONSTANT_CONVERSION = YES;
				CLANG_WARN_DEPRECATED_OBJC_IMPLEMENTATIONS = YES;
				CLANG_WARN_DIRECT_OBJC_ISA_USAGE = YES_ERROR;
				CLANG_WARN_DOCUMENTATION_COMMENTS = YES;
				CLANG_WARN_EMPTY_BODY = YES;
				CLANG_WARN_ENUM_CONVERSION = YES;
				CLANG_WARN_INFINITE_RECURSION = YES;
				CLANG_WARN_INT_CONVERSION = YES;
				CLANG_WARN_NON_LITERAL_NULL_CONVERSION = YES;
				CLANG_WARN_OBJC_IMPLICIT_RETAIN_SELF = YES;
				CLANG_WARN_OBJC_LITERAL_CONVERSION = YES;
				CLANG_WARN_OBJC_ROOT_CLASS = YES_ERROR;
				CLANG_WARN_QUOTED_INCLUDE_IN_FRAMEWORK_HEADER = YES;
				CLANG_WARN_RANGE_LOOP_ANALYSIS = YES;
				CLANG_WARN_STRICT_PROTOTYPES = YES;
				CLANG_WARN_SUSPICIOUS_MOVE = YES;
				CLANG_WARN_UNGUARDED_AVAILABILITY = YES_AGGRESSIVE;
				CLANG_WARN_UNREACHABLE_CODE = YES;
				CLANG_WARN__DUPLICATE_METHOD_MATCH = YES;
				COPY_PHASE_STRIP = NO;
				DEBUG_INFORMATION_FORMAT = dwarf;
				ENABLE_STRICT_OBJC_MSGSEND = YES;
				ENABLE_TESTABILITY = YES;
				GCC_C_LANGUAGE_STANDARD = gnu11;
				GCC_DYNAMIC_NO_PIC = NO;
				GCC_NO_COMMON_BLOCKS = YES;
				GCC_OPTIMIZATION_LEVEL = 0;
				GCC_PREPROCESSOR_DEFINITIONS = (
					"DEBUG=1",
					"$(inherited)",
				);
				GCC_WARN_64_TO_32_BIT_CONVERSION = YES;
				GCC_WARN_ABOUT_RETURN_TYPE = YES_ERROR;
				GCC_WARN_UNDECLARED_SELECTOR = YES;
				GCC_WARN_UNINITIALIZED_AUTOS = YES_AGGRESSIVE;
				GCC_WARN_UNUSED_FUNCTION = YES;
				GCC_WARN_UNUSED_VARIABLE = YES;
				IPHONEOS_DEPLOYMENT_TARGET = 16.4;
				MTL_ENABLE_DEBUG_INFO = INCLUDE_SOURCE;
				MTL_FAST_MATH = YES;
				ONLY_ACTIVE_ARCH = YES;
				SDKROOT = iphoneos;
				SWIFT_ACTIVE_COMPILATION_CONDITIONS = DEBUG;
				SWIFT_OPTIMIZATION_LEVEL = "-Onone";
			};
			name = Debug;
		};
		3DE7BA0B2AA2882C00C2444C /* Release */ = {
			isa = XCBuildConfiguration;
			buildSettings = {
				ALWAYS_SEARCH_USER_PATHS = NO;
				ASSETCATALOG_COMPILER_ALTERNATE_APPICON_NAMES = "AppIconBlack AppIconGreen AppIconOrange AppIconPurple";
				CLANG_ANALYZER_LOCALIZABILITY_NONLOCALIZED = YES;
				CLANG_ANALYZER_NONNULL = YES;
				CLANG_ANALYZER_NUMBER_OBJECT_CONVERSION = YES_AGGRESSIVE;
				CLANG_CXX_LANGUAGE_STANDARD = "gnu++20";
				CLANG_ENABLE_MODULES = YES;
				CLANG_ENABLE_OBJC_ARC = YES;
				CLANG_ENABLE_OBJC_WEAK = YES;
				CLANG_WARN_BLOCK_CAPTURE_AUTORELEASING = YES;
				CLANG_WARN_BOOL_CONVERSION = YES;
				CLANG_WARN_COMMA = YES;
				CLANG_WARN_CONSTANT_CONVERSION = YES;
				CLANG_WARN_DEPRECATED_OBJC_IMPLEMENTATIONS = YES;
				CLANG_WARN_DIRECT_OBJC_ISA_USAGE = YES_ERROR;
				CLANG_WARN_DOCUMENTATION_COMMENTS = YES;
				CLANG_WARN_EMPTY_BODY = YES;
				CLANG_WARN_ENUM_CONVERSION = YES;
				CLANG_WARN_INFINITE_RECURSION = YES;
				CLANG_WARN_INT_CONVERSION = YES;
				CLANG_WARN_NON_LITERAL_NULL_CONVERSION = YES;
				CLANG_WARN_OBJC_IMPLICIT_RETAIN_SELF = YES;
				CLANG_WARN_OBJC_LITERAL_CONVERSION = YES;
				CLANG_WARN_OBJC_ROOT_CLASS = YES_ERROR;
				CLANG_WARN_QUOTED_INCLUDE_IN_FRAMEWORK_HEADER = YES;
				CLANG_WARN_RANGE_LOOP_ANALYSIS = YES;
				CLANG_WARN_STRICT_PROTOTYPES = YES;
				CLANG_WARN_SUSPICIOUS_MOVE = YES;
				CLANG_WARN_UNGUARDED_AVAILABILITY = YES_AGGRESSIVE;
				CLANG_WARN_UNREACHABLE_CODE = YES;
				CLANG_WARN__DUPLICATE_METHOD_MATCH = YES;
				COPY_PHASE_STRIP = NO;
				DEBUG_INFORMATION_FORMAT = "dwarf-with-dsym";
				ENABLE_NS_ASSERTIONS = NO;
				ENABLE_STRICT_OBJC_MSGSEND = YES;
				GCC_C_LANGUAGE_STANDARD = gnu11;
				GCC_NO_COMMON_BLOCKS = YES;
				GCC_WARN_64_TO_32_BIT_CONVERSION = YES;
				GCC_WARN_ABOUT_RETURN_TYPE = YES_ERROR;
				GCC_WARN_UNDECLARED_SELECTOR = YES;
				GCC_WARN_UNINITIALIZED_AUTOS = YES_AGGRESSIVE;
				GCC_WARN_UNUSED_FUNCTION = YES;
				GCC_WARN_UNUSED_VARIABLE = YES;
				IPHONEOS_DEPLOYMENT_TARGET = 16.4;
				MTL_ENABLE_DEBUG_INFO = NO;
				MTL_FAST_MATH = YES;
				SDKROOT = iphoneos;
				SWIFT_COMPILATION_MODE = wholemodule;
				SWIFT_OPTIMIZATION_LEVEL = "-O";
				VALIDATE_PRODUCT = YES;
			};
			name = Release;
		};
		3DE7BA0D2AA2882C00C2444C /* Debug */ = {
			isa = XCBuildConfiguration;
			buildSettings = {
				ASSETCATALOG_COMPILER_APPICON_NAME = AppIcon;
				ASSETCATALOG_COMPILER_GLOBAL_ACCENT_COLOR_NAME = AccentColor;
				CODE_SIGN_STYLE = Automatic;
				CURRENT_PROJECT_VERSION = 1;
				DEVELOPMENT_ASSET_PATHS = "\"Dewy/Preview Content\"";
				DEVELOPMENT_TEAM = 9Z54L2Q8C9;
				ENABLE_PREVIEWS = YES;
				GENERATE_INFOPLIST_FILE = YES;
				INFOPLIST_KEY_UIApplicationSceneManifest_Generation = YES;
				INFOPLIST_KEY_UIApplicationSupportsIndirectInputEvents = YES;
				INFOPLIST_KEY_UILaunchScreen_Generation = YES;
				INFOPLIST_KEY_UISupportedInterfaceOrientations_iPad = "UIInterfaceOrientationPortrait UIInterfaceOrientationPortraitUpsideDown UIInterfaceOrientationLandscapeLeft UIInterfaceOrientationLandscapeRight";
				INFOPLIST_KEY_UISupportedInterfaceOrientations_iPhone = "UIInterfaceOrientationPortrait UIInterfaceOrientationLandscapeLeft UIInterfaceOrientationLandscapeRight";
				LD_RUNPATH_SEARCH_PATHS = (
					"$(inherited)",
					"@executable_path/Frameworks",
				);
				MARKETING_VERSION = 1.0;
				PRODUCT_BUNDLE_IDENTIFIER = zander.Dewy;
				PRODUCT_NAME = "$(TARGET_NAME)";
				SWIFT_EMIT_LOC_STRINGS = YES;
				SWIFT_VERSION = 5.0;
				TARGETED_DEVICE_FAMILY = "1,2";
			};
			name = Debug;
		};
		3DE7BA0E2AA2882C00C2444C /* Release */ = {
			isa = XCBuildConfiguration;
			buildSettings = {
				ASSETCATALOG_COMPILER_APPICON_NAME = AppIcon;
				ASSETCATALOG_COMPILER_GLOBAL_ACCENT_COLOR_NAME = AccentColor;
				CODE_SIGN_STYLE = Automatic;
				CURRENT_PROJECT_VERSION = 1;
				DEVELOPMENT_ASSET_PATHS = "\"Dewy/Preview Content\"";
				DEVELOPMENT_TEAM = 9Z54L2Q8C9;
				ENABLE_PREVIEWS = YES;
				GENERATE_INFOPLIST_FILE = YES;
				INFOPLIST_KEY_UIApplicationSceneManifest_Generation = YES;
				INFOPLIST_KEY_UIApplicationSupportsIndirectInputEvents = YES;
				INFOPLIST_KEY_UILaunchScreen_Generation = YES;
				INFOPLIST_KEY_UISupportedInterfaceOrientations_iPad = "UIInterfaceOrientationPortrait UIInterfaceOrientationPortraitUpsideDown UIInterfaceOrientationLandscapeLeft UIInterfaceOrientationLandscapeRight";
				INFOPLIST_KEY_UISupportedInterfaceOrientations_iPhone = "UIInterfaceOrientationPortrait UIInterfaceOrientationLandscapeLeft UIInterfaceOrientationLandscapeRight";
				LD_RUNPATH_SEARCH_PATHS = (
					"$(inherited)",
					"@executable_path/Frameworks",
				);
				MARKETING_VERSION = 1.0;
				PRODUCT_BUNDLE_IDENTIFIER = zander.Dewy;
				PRODUCT_NAME = "$(TARGET_NAME)";
				SWIFT_EMIT_LOC_STRINGS = YES;
				SWIFT_VERSION = 5.0;
				TARGETED_DEVICE_FAMILY = "1,2";
			};
			name = Release;
		};
/* End XCBuildConfiguration section */

/* Begin XCConfigurationList section */
		3D8FFEA32AA7B405005C8718 /* Build configuration list for PBXNativeTarget "Unit Integration Tests" */ = {
			isa = XCConfigurationList;
			buildConfigurations = (
				3D8FFEA42AA7B405005C8718 /* Debug */,
				3D8FFEA52AA7B405005C8718 /* Release */,
			);
			defaultConfigurationIsVisible = 0;
			defaultConfigurationName = Release;
		};
		3DE7B9F92AA2882C00C2444C /* Build configuration list for PBXProject "Dewy" */ = {
			isa = XCConfigurationList;
			buildConfigurations = (
				3DE7BA0A2AA2882C00C2444C /* Debug */,
				3DE7BA0B2AA2882C00C2444C /* Release */,
			);
			defaultConfigurationIsVisible = 0;
			defaultConfigurationName = Release;
		};
		3DE7BA0C2AA2882C00C2444C /* Build configuration list for PBXNativeTarget "Dewy" */ = {
			isa = XCConfigurationList;
			buildConfigurations = (
				3DE7BA0D2AA2882C00C2444C /* Debug */,
				3DE7BA0E2AA2882C00C2444C /* Release */,
			);
			defaultConfigurationIsVisible = 0;
			defaultConfigurationName = Release;
		};
/* End XCConfigurationList section */
	};
	rootObject = 3DE7B9F62AA2882C00C2444C /* Project object */;
}
